// !$*UTF8*$!
{
	archiveVersion = 1;
	classes = {
	};
	objectVersion = 55;
	objects = {

/* Begin PBXBuildFile section */
		8780221828DF5E5600AF4406 /* ChooseCurrencyViewController.swift in Sources */ = {isa = PBXBuildFile; fileRef = 8780221628DF5E5600AF4406 /* ChooseCurrencyViewController.swift */; };
		8780221928DF5E5600AF4406 /* ChooseCurrencyViewController.xib in Resources */ = {isa = PBXBuildFile; fileRef = 8780221728DF5E5600AF4406 /* ChooseCurrencyViewController.xib */; };
		8780221B28DF5EA400AF4406 /* ChooseCurrencyPresenter.swift in Sources */ = {isa = PBXBuildFile; fileRef = 8780221A28DF5EA400AF4406 /* ChooseCurrencyPresenter.swift */; };
		8780221D28DF724800AF4406 /* ChooseCurrencyModel.swift in Sources */ = {isa = PBXBuildFile; fileRef = 8780221C28DF724800AF4406 /* ChooseCurrencyModel.swift */; };
		8780221F28DF79A600AF4406 /* Router.swift in Sources */ = {isa = PBXBuildFile; fileRef = 8780221E28DF79A600AF4406 /* Router.swift */; };
		87C0D6ED28DEE0AB00BB3D05 /* AppDelegate.swift in Sources */ = {isa = PBXBuildFile; fileRef = 87C0D6EC28DEE0AB00BB3D05 /* AppDelegate.swift */; };
		87C0D6F628DEE0AC00BB3D05 /* Assets.xcassets in Resources */ = {isa = PBXBuildFile; fileRef = 87C0D6F528DEE0AC00BB3D05 /* Assets.xcassets */; };
		87C0D6F928DEE0AC00BB3D05 /* LaunchScreen.storyboard in Resources */ = {isa = PBXBuildFile; fileRef = 87C0D6F728DEE0AC00BB3D05 /* LaunchScreen.storyboard */; };
		87C0D70328DF301F00BB3D05 /* ConverterPresenter.swift in Sources */ = {isa = PBXBuildFile; fileRef = 87C0D70228DF301F00BB3D05 /* ConverterPresenter.swift */; };
		87C0D70528DF305000BB3D05 /* ConverterModel.swift in Sources */ = {isa = PBXBuildFile; fileRef = 87C0D70428DF305000BB3D05 /* ConverterModel.swift */; };
		87C0D70B28DF317100BB3D05 /* ConverterViewController.swift in Sources */ = {isa = PBXBuildFile; fileRef = 87C0D70928DF317100BB3D05 /* ConverterViewController.swift */; };
		87C0D70F28DF5D5700BB3D05 /* ConverterViewController.xib in Resources */ = {isa = PBXBuildFile; fileRef = 87C0D70E28DF5D5700BB3D05 /* ConverterViewController.xib */; };
/* End PBXBuildFile section */

/* Begin PBXFileReference section */
		8780221628DF5E5600AF4406 /* ChooseCurrencyViewController.swift */ = {isa = PBXFileReference; lastKnownFileType = sourcecode.swift; path = ChooseCurrencyViewController.swift; sourceTree = "<group>"; };
		8780221728DF5E5600AF4406 /* ChooseCurrencyViewController.xib */ = {isa = PBXFileReference; lastKnownFileType = file.xib; path = ChooseCurrencyViewController.xib; sourceTree = "<group>"; };
		8780221A28DF5EA400AF4406 /* ChooseCurrencyPresenter.swift */ = {isa = PBXFileReference; lastKnownFileType = sourcecode.swift; path = ChooseCurrencyPresenter.swift; sourceTree = "<group>"; };
		8780221C28DF724800AF4406 /* ChooseCurrencyModel.swift */ = {isa = PBXFileReference; lastKnownFileType = sourcecode.swift; path = ChooseCurrencyModel.swift; sourceTree = "<group>"; };
		8780221E28DF79A600AF4406 /* Router.swift */ = {isa = PBXFileReference; lastKnownFileType = sourcecode.swift; path = Router.swift; sourceTree = "<group>"; };
		87C0D6E928DEE0AB00BB3D05 /* CurrencyTest.app */ = {isa = PBXFileReference; explicitFileType = wrapper.application; includeInIndex = 0; path = CurrencyTest.app; sourceTree = BUILT_PRODUCTS_DIR; };
		87C0D6EC28DEE0AB00BB3D05 /* AppDelegate.swift */ = {isa = PBXFileReference; lastKnownFileType = sourcecode.swift; path = AppDelegate.swift; sourceTree = "<group>"; };
		87C0D6F528DEE0AC00BB3D05 /* Assets.xcassets */ = {isa = PBXFileReference; lastKnownFileType = folder.assetcatalog; path = Assets.xcassets; sourceTree = "<group>"; };
		87C0D6F828DEE0AC00BB3D05 /* Base */ = {isa = PBXFileReference; lastKnownFileType = file.storyboard; name = Base; path = Base.lproj/LaunchScreen.storyboard; sourceTree = "<group>"; };
		87C0D6FA28DEE0AC00BB3D05 /* Info.plist */ = {isa = PBXFileReference; lastKnownFileType = text.plist.xml; path = Info.plist; sourceTree = "<group>"; };
		87C0D70228DF301F00BB3D05 /* ConverterPresenter.swift */ = {isa = PBXFileReference; lastKnownFileType = sourcecode.swift; path = ConverterPresenter.swift; sourceTree = "<group>"; };
		87C0D70428DF305000BB3D05 /* ConverterModel.swift */ = {isa = PBXFileReference; lastKnownFileType = sourcecode.swift; path = ConverterModel.swift; sourceTree = "<group>"; };
		87C0D70928DF317100BB3D05 /* ConverterViewController.swift */ = {isa = PBXFileReference; lastKnownFileType = sourcecode.swift; path = ConverterViewController.swift; sourceTree = "<group>"; };
		87C0D70E28DF5D5700BB3D05 /* ConverterViewController.xib */ = {isa = PBXFileReference; fileEncoding = 4; lastKnownFileType = file.xib; path = ConverterViewController.xib; sourceTree = "<group>"; };
/* End PBXFileReference section */

/* Begin PBXFrameworksBuildPhase section */
		87C0D6E628DEE0AB00BB3D05 /* Frameworks */ = {
			isa = PBXFrameworksBuildPhase;
			buildActionMask = 2147483647;
			files = (
			);
			runOnlyForDeploymentPostprocessing = 0;
		};
/* End PBXFrameworksBuildPhase section */

/* Begin PBXGroup section */
		8780221528DF5E3E00AF4406 /* View */ = {
			isa = PBXGroup;
			children = (
				8780221628DF5E5600AF4406 /* ChooseCurrencyViewController.swift */,
				8780221728DF5E5600AF4406 /* ChooseCurrencyViewController.xib */,
			);
			path = View;
			sourceTree = "<group>";
		};
		87C0D6E028DEE0AB00BB3D05 = {
			isa = PBXGroup;
			children = (
				87C0D6EB28DEE0AB00BB3D05 /* CurrencyTest */,
				87C0D6EA28DEE0AB00BB3D05 /* Products */,
			);
			sourceTree = "<group>";
		};
		87C0D6EA28DEE0AB00BB3D05 /* Products */ = {
			isa = PBXGroup;
			children = (
				87C0D6E928DEE0AB00BB3D05 /* CurrencyTest.app */,
			);
			name = Products;
			sourceTree = "<group>";
		};
		87C0D6EB28DEE0AB00BB3D05 /* CurrencyTest */ = {
			isa = PBXGroup;
			children = (
				87C0D6EC28DEE0AB00BB3D05 /* AppDelegate.swift */,
				8780221E28DF79A600AF4406 /* Router.swift */,
				87C0D70028DF300800BB3D05 /* Scenes */,
				87C0D6F528DEE0AC00BB3D05 /* Assets.xcassets */,
				87C0D6F728DEE0AC00BB3D05 /* LaunchScreen.storyboard */,
				87C0D6FA28DEE0AC00BB3D05 /* Info.plist */,
			);
			path = CurrencyTest;
			sourceTree = "<group>";
		};
		87C0D70028DF300800BB3D05 /* Scenes */ = {
			isa = PBXGroup;
			children = (
				87C0D70D28DF5C9100BB3D05 /* ChooseCurrency */,
				87C0D70128DF300E00BB3D05 /* Converter */,
			);
			path = Scenes;
			sourceTree = "<group>";
		};
		87C0D70128DF300E00BB3D05 /* Converter */ = {
			isa = PBXGroup;
			children = (
				87C0D70428DF305000BB3D05 /* ConverterModel.swift */,
				87C0D70628DF310B00BB3D05 /* View */,
				87C0D70228DF301F00BB3D05 /* ConverterPresenter.swift */,
			);
			path = Converter;
			sourceTree = "<group>";
		};
		87C0D70628DF310B00BB3D05 /* View */ = {
			isa = PBXGroup;
			children = (
				87C0D70928DF317100BB3D05 /* ConverterViewController.swift */,
				87C0D70E28DF5D5700BB3D05 /* ConverterViewController.xib */,
			);
			path = View;
			sourceTree = "<group>";
		};
		87C0D70D28DF5C9100BB3D05 /* ChooseCurrency */ = {
			isa = PBXGroup;
			children = (
				8780221C28DF724800AF4406 /* ChooseCurrencyModel.swift */,
				8780221528DF5E3E00AF4406 /* View */,
				8780221A28DF5EA400AF4406 /* ChooseCurrencyPresenter.swift */,
			);
			path = ChooseCurrency;
			sourceTree = "<group>";
		};
/* End PBXGroup section */

/* Begin PBXNativeTarget section */
		87C0D6E828DEE0AB00BB3D05 /* CurrencyTest */ = {
			isa = PBXNativeTarget;
			buildConfigurationList = 87C0D6FD28DEE0AC00BB3D05 /* Build configuration list for PBXNativeTarget "CurrencyTest" */;
			buildPhases = (
				87C0D6E528DEE0AB00BB3D05 /* Sources */,
				87C0D6E628DEE0AB00BB3D05 /* Frameworks */,
				87C0D6E728DEE0AB00BB3D05 /* Resources */,
			);
			buildRules = (
			);
			dependencies = (
			);
			name = CurrencyTest;
			productName = CurrencyTest;
			productReference = 87C0D6E928DEE0AB00BB3D05 /* CurrencyTest.app */;
			productType = "com.apple.product-type.application";
		};
/* End PBXNativeTarget section */

/* Begin PBXProject section */
		87C0D6E128DEE0AB00BB3D05 /* Project object */ = {
			isa = PBXProject;
			attributes = {
				BuildIndependentTargetsInParallel = 1;
				LastSwiftUpdateCheck = 1320;
				LastUpgradeCheck = 1320;
				TargetAttributes = {
					87C0D6E828DEE0AB00BB3D05 = {
						CreatedOnToolsVersion = 13.2.1;
					};
				};
			};
			buildConfigurationList = 87C0D6E428DEE0AB00BB3D05 /* Build configuration list for PBXProject "CurrencyTest" */;
			compatibilityVersion = "Xcode 13.0";
			developmentRegion = en;
			hasScannedForEncodings = 0;
			knownRegions = (
				en,
				Base,
			);
			mainGroup = 87C0D6E028DEE0AB00BB3D05;
			productRefGroup = 87C0D6EA28DEE0AB00BB3D05 /* Products */;
			projectDirPath = "";
			projectRoot = "";
			targets = (
				87C0D6E828DEE0AB00BB3D05 /* CurrencyTest */,
			);
		};
/* End PBXProject section */

/* Begin PBXResourcesBuildPhase section */
		87C0D6E728DEE0AB00BB3D05 /* Resources */ = {
			isa = PBXResourcesBuildPhase;
			buildActionMask = 2147483647;
			files = (
				8780221928DF5E5600AF4406 /* ChooseCurrencyViewController.xib in Resources */,
				87C0D6F928DEE0AC00BB3D05 /* LaunchScreen.storyboard in Resources */,
				87C0D70F28DF5D5700BB3D05 /* ConverterViewController.xib in Resources */,
				87C0D6F628DEE0AC00BB3D05 /* Assets.xcassets in Resources */,
			);
			runOnlyForDeploymentPostprocessing = 0;
		};
/* End PBXResourcesBuildPhase section */

/* Begin PBXSourcesBuildPhase section */
		87C0D6E528DEE0AB00BB3D05 /* Sources */ = {
			isa = PBXSourcesBuildPhase;
			buildActionMask = 2147483647;
			files = (
				8780221F28DF79A600AF4406 /* Router.swift in Sources */,
				8780221B28DF5EA400AF4406 /* ChooseCurrencyPresenter.swift in Sources */,
				8780221828DF5E5600AF4406 /* ChooseCurrencyViewController.swift in Sources */,
				87C0D70328DF301F00BB3D05 /* ConverterPresenter.swift in Sources */,
				8780221D28DF724800AF4406 /* ChooseCurrencyModel.swift in Sources */,
				87C0D70B28DF317100BB3D05 /* ConverterViewController.swift in Sources */,
				87C0D70528DF305000BB3D05 /* ConverterModel.swift in Sources */,
				87C0D6ED28DEE0AB00BB3D05 /* AppDelegate.swift in Sources */,
			);
			runOnlyForDeploymentPostprocessing = 0;
		};
/* End PBXSourcesBuildPhase section */

/* Begin PBXVariantGroup section */
		87C0D6F728DEE0AC00BB3D05 /* LaunchScreen.storyboard */ = {
			isa = PBXVariantGroup;
			children = (
				87C0D6F828DEE0AC00BB3D05 /* Base */,
			);
			name = LaunchScreen.storyboard;
			sourceTree = "<group>";
		};
/* End PBXVariantGroup section */

/* Begin XCBuildConfiguration section */
		87C0D6FB28DEE0AC00BB3D05 /* Debug */ = {
			isa = XCBuildConfiguration;
			buildSettings = {
				ALWAYS_SEARCH_USER_PATHS = NO;
				CLANG_ANALYZER_NONNULL = YES;
				CLANG_ANALYZER_NUMBER_OBJECT_CONVERSION = YES_AGGRESSIVE;
				CLANG_CXX_LANGUAGE_STANDARD = "gnu++17";
				CLANG_CXX_LIBRARY = "libc++";
				CLANG_ENABLE_MODULES = YES;
				CLANG_ENABLE_OBJC_ARC = YES;
				CLANG_ENABLE_OBJC_WEAK = YES;
				CLANG_WARN_BLOCK_CAPTURE_AUTORELEASING = YES;
				CLANG_WARN_BOOL_CONVERSION = YES;
				CLANG_WARN_COMMA = YES;
				CLANG_WARN_CONSTANT_CONVERSION = YES;
				CLANG_WARN_DEPRECATED_OBJC_IMPLEMENTATIONS = YES;
				CLANG_WARN_DIRECT_OBJC_ISA_USAGE = YES_ERROR;
				CLANG_WARN_DOCUMENTATION_COMMENTS = YES;
				CLANG_WARN_EMPTY_BODY = YES;
				CLANG_WARN_ENUM_CONVERSION = YES;
				CLANG_WARN_INFINITE_RECURSION = YES;
				CLANG_WARN_INT_CONVERSION = YES;
				CLANG_WARN_NON_LITERAL_NULL_CONVERSION = YES;
				CLANG_WARN_OBJC_IMPLICIT_RETAIN_SELF = YES;
				CLANG_WARN_OBJC_LITERAL_CONVERSION = YES;
				CLANG_WARN_OBJC_ROOT_CLASS = YES_ERROR;
				CLANG_WARN_QUOTED_INCLUDE_IN_FRAMEWORK_HEADER = YES;
				CLANG_WARN_RANGE_LOOP_ANALYSIS = YES;
				CLANG_WARN_STRICT_PROTOTYPES = YES;
				CLANG_WARN_SUSPICIOUS_MOVE = YES;
				CLANG_WARN_UNGUARDED_AVAILABILITY = YES_AGGRESSIVE;
				CLANG_WARN_UNREACHABLE_CODE = YES;
				CLANG_WARN__DUPLICATE_METHOD_MATCH = YES;
				COPY_PHASE_STRIP = NO;
				DEBUG_INFORMATION_FORMAT = dwarf;
				ENABLE_STRICT_OBJC_MSGSEND = YES;
				ENABLE_TESTABILITY = YES;
				GCC_C_LANGUAGE_STANDARD = gnu11;
				GCC_DYNAMIC_NO_PIC = NO;
				GCC_NO_COMMON_BLOCKS = YES;
				GCC_OPTIMIZATION_LEVEL = 0;
				GCC_PREPROCESSOR_DEFINITIONS = (
					"DEBUG=1",
					"$(inherited)",
				);
				GCC_WARN_64_TO_32_BIT_CONVERSION = YES;
				GCC_WARN_ABOUT_RETURN_TYPE = YES_ERROR;
				GCC_WARN_UNDECLARED_SELECTOR = YES;
				GCC_WARN_UNINITIALIZED_AUTOS = YES_AGGRESSIVE;
				GCC_WARN_UNUSED_FUNCTION = YES;
				GCC_WARN_UNUSED_VARIABLE = YES;
				IPHONEOS_DEPLOYMENT_TARGET = 10.0;
				MTL_ENABLE_DEBUG_INFO = INCLUDE_SOURCE;
				MTL_FAST_MATH = YES;
				ONLY_ACTIVE_ARCH = YES;
				SDKROOT = iphoneos;
				SWIFT_ACTIVE_COMPILATION_CONDITIONS = DEBUG;
				SWIFT_OPTIMIZATION_LEVEL = "-Onone";
			};
			name = Debug;
		};
		87C0D6FC28DEE0AC00BB3D05 /* Release */ = {
			isa = XCBuildConfiguration;
			buildSettings = {
				ALWAYS_SEARCH_USER_PATHS = NO;
				CLANG_ANALYZER_NONNULL = YES;
				CLANG_ANALYZER_NUMBER_OBJECT_CONVERSION = YES_AGGRESSIVE;
				CLANG_CXX_LANGUAGE_STANDARD = "gnu++17";
				CLANG_CXX_LIBRARY = "libc++";
				CLANG_ENABLE_MODULES = YES;
				CLANG_ENABLE_OBJC_ARC = YES;
				CLANG_ENABLE_OBJC_WEAK = YES;
				CLANG_WARN_BLOCK_CAPTURE_AUTORELEASING = YES;
				CLANG_WARN_BOOL_CONVERSION = YES;
				CLANG_WARN_COMMA = YES;
				CLANG_WARN_CONSTANT_CONVERSION = YES;
				CLANG_WARN_DEPRECATED_OBJC_IMPLEMENTATIONS = YES;
				CLANG_WARN_DIRECT_OBJC_ISA_USAGE = YES_ERROR;
				CLANG_WARN_DOCUMENTATION_COMMENTS = YES;
				CLANG_WARN_EMPTY_BODY = YES;
				CLANG_WARN_ENUM_CONVERSION = YES;
				CLANG_WARN_INFINITE_RECURSION = YES;
				CLANG_WARN_INT_CONVERSION = YES;
				CLANG_WARN_NON_LITERAL_NULL_CONVERSION = YES;
				CLANG_WARN_OBJC_IMPLICIT_RETAIN_SELF = YES;
				CLANG_WARN_OBJC_LITERAL_CONVERSION = YES;
				CLANG_WARN_OBJC_ROOT_CLASS = YES_ERROR;
				CLANG_WARN_QUOTED_INCLUDE_IN_FRAMEWORK_HEADER = YES;
				CLANG_WARN_RANGE_LOOP_ANALYSIS = YES;
				CLANG_WARN_STRICT_PROTOTYPES = YES;
				CLANG_WARN_SUSPICIOUS_MOVE = YES;
				CLANG_WARN_UNGUARDED_AVAILABILITY = YES_AGGRESSIVE;
				CLANG_WARN_UNREACHABLE_CODE = YES;
				CLANG_WARN__DUPLICATE_METHOD_MATCH = YES;
				COPY_PHASE_STRIP = NO;
				DEBUG_INFORMATION_FORMAT = "dwarf-with-dsym";
				ENABLE_NS_ASSERTIONS = NO;
				ENABLE_STRICT_OBJC_MSGSEND = YES;
				GCC_C_LANGUAGE_STANDARD = gnu11;
				GCC_NO_COMMON_BLOCKS = YES;
				GCC_WARN_64_TO_32_BIT_CONVERSION = YES;
				GCC_WARN_ABOUT_RETURN_TYPE = YES_ERROR;
				GCC_WARN_UNDECLARED_SELECTOR = YES;
				GCC_WARN_UNINITIALIZED_AUTOS = YES_AGGRESSIVE;
				GCC_WARN_UNUSED_FUNCTION = YES;
				GCC_WARN_UNUSED_VARIABLE = YES;
				IPHONEOS_DEPLOYMENT_TARGET = 10.0;
				MTL_ENABLE_DEBUG_INFO = NO;
				MTL_FAST_MATH = YES;
				SDKROOT = iphoneos;
				SWIFT_COMPILATION_MODE = wholemodule;
				SWIFT_OPTIMIZATION_LEVEL = "-O";
				VALIDATE_PRODUCT = YES;
			};
			name = Release;
		};
		87C0D6FE28DEE0AC00BB3D05 /* Debug */ = {
			isa = XCBuildConfiguration;
			buildSettings = {
				ASSETCATALOG_COMPILER_APPICON_NAME = AppIcon;
				ASSETCATALOG_COMPILER_GLOBAL_ACCENT_COLOR_NAME = AccentColor;
				CODE_SIGN_STYLE = Automatic;
				CURRENT_PROJECT_VERSION = 1;
				GENERATE_INFOPLIST_FILE = YES;
				INFOPLIST_FILE = CurrencyTest/Info.plist;
				INFOPLIST_KEY_UIApplicationSupportsIndirectInputEvents = YES;
				INFOPLIST_KEY_UILaunchStoryboardName = LaunchScreen;
				INFOPLIST_KEY_UISupportedInterfaceOrientations_iPad = "UIInterfaceOrientationPortrait UIInterfaceOrientationPortraitUpsideDown UIInterfaceOrientationLandscapeLeft UIInterfaceOrientationLandscapeRight";
				INFOPLIST_KEY_UISupportedInterfaceOrientations_iPhone = "UIInterfaceOrientationPortrait UIInterfaceOrientationLandscapeLeft UIInterfaceOrientationLandscapeRight";
				IPHONEOS_DEPLOYMENT_TARGET = 10.0;
				LD_RUNPATH_SEARCH_PATHS = (
					"$(inherited)",
					"@executable_path/Frameworks",
				);
				MARKETING_VERSION = 1.0;
				PRODUCT_BUNDLE_IDENTIFIER = com.MikhailZhdanov.CurrencyTest;
				PRODUCT_NAME = "$(TARGET_NAME)";
				SWIFT_EMIT_LOC_STRINGS = YES;
				SWIFT_VERSION = 5.0;
				TARGETED_DEVICE_FAMILY = "1,2";
			};
			name = Debug;
		};
		87C0D6FF28DEE0AC00BB3D05 /* Release */ = {
			isa = XCBuildConfiguration;
			buildSettings = {
				ASSETCATALOG_COMPILER_APPICON_NAME = AppIcon;
				ASSETCATALOG_COMPILER_GLOBAL_ACCENT_COLOR_NAME = AccentColor;
				CODE_SIGN_STYLE = Automatic;
				CURRENT_PROJECT_VERSION = 1;
				GENERATE_INFOPLIST_FILE = YES;
				INFOPLIST_FILE = CurrencyTest/Info.plist;
				INFOPLIST_KEY_UIApplicationSupportsIndirectInputEvents = YES;
				INFOPLIST_KEY_UILaunchStoryboardName = LaunchScreen;
				INFOPLIST_KEY_UISupportedInterfaceOrientations_iPad = "UIInterfaceOrientationPortrait UIInterfaceOrientationPortraitUpsideDown UIInterfaceOrientationLandscapeLeft UIInterfaceOrientationLandscapeRight";
				INFOPLIST_KEY_UISupportedInterfaceOrientations_iPhone = "UIInterfaceOrientationPortrait UIInterfaceOrientationLandscapeLeft UIInterfaceOrientationLandscapeRight";
				IPHONEOS_DEPLOYMENT_TARGET = 10.0;
				LD_RUNPATH_SEARCH_PATHS = (
					"$(inherited)",
					"@executable_path/Frameworks",
				);
				MARKETING_VERSION = 1.0;
				PRODUCT_BUNDLE_IDENTIFIER = com.MikhailZhdanov.CurrencyTest;
				PRODUCT_NAME = "$(TARGET_NAME)";
				SWIFT_EMIT_LOC_STRINGS = YES;
				SWIFT_VERSION = 5.0;
				TARGETED_DEVICE_FAMILY = "1,2";
			};
			name = Release;
		};
/* End XCBuildConfiguration section */

/* Begin XCConfigurationList section */
		87C0D6E428DEE0AB00BB3D05 /* Build configuration list for PBXProject "CurrencyTest" */ = {
			isa = XCConfigurationList;
			buildConfigurations = (
				87C0D6FB28DEE0AC00BB3D05 /* Debug */,
				87C0D6FC28DEE0AC00BB3D05 /* Release */,
			);
			defaultConfigurationIsVisible = 0;
			defaultConfigurationName = Release;
		};
		87C0D6FD28DEE0AC00BB3D05 /* Build configuration list for PBXNativeTarget "CurrencyTest" */ = {
			isa = XCConfigurationList;
			buildConfigurations = (
				87C0D6FE28DEE0AC00BB3D05 /* Debug */,
				87C0D6FF28DEE0AC00BB3D05 /* Release */,
			);
			defaultConfigurationIsVisible = 0;
			defaultConfigurationName = Release;
		};
/* End XCConfigurationList section */
	};
	rootObject = 87C0D6E128DEE0AB00BB3D05 /* Project object */;
}
